
Microsoft Visual Studio Solution File, Format Version 12.00
# Visual Studio Version 16
VisualStudioVersion = 16.0.30104.148
MinimumVisualStudioVersion = 10.0.40219.1
Project("{9A19103F-16F7-4668-BE54-9A1E7A4F7556}") = "access.analyser", "access.analyser\access.analyser.csproj", "{F5693599-0A6D-4139-964C-47249AB7293A}"
EndProject
Project("{9A19103F-16F7-4668-BE54-9A1E7A4F7556}") = "UnitTests", "UnitTests\UnitTests.csproj", "{DDC625C1-DA1F-459A-8F40-5019FC61C5B1}"
EndProject
Project("{9A19103F-16F7-4668-BE54-9A1E7A4F7556}") = "IntegrationTests", "IntegrationTests\IntegrationTests.csproj", "{CBC86241-AB54-47EA-9E8E-165D99DCE05D}"
EndProject
Project("{9A19103F-16F7-4668-BE54-9A1E7A4F7556}") = "Lambda", "Lambda\src\Lambda\Lambda.csproj", "{18E57BE2-F082-466D-B1D0-202A98A0A766}"
EndProject
Project("{9A19103F-16F7-4668-BE54-9A1E7A4F7556}") = "Lambda.Tests", "Lambda\test\Lambda.Tests\Lambda.Tests.csproj", "{FF9173B8-F6B7-4D0F-97DB-184CD8D398C1}"
EndProject
Project("{2150E333-8FDC-42A3-9474-1A3956D46DE8}") = "CloudFormationTemplates", "CloudFormationTemplates", "{8BE54E0E-7018-4265-BB30-E50489479115}"
	ProjectSection(SolutionItems) = preProject
		database.template = database.template
		developmentDatabase.template = developmentDatabase.template
		s3lambda.template = s3lambda.template
		vpc.template = vpc.template
	EndProjectSection
EndProject
Global
	GlobalSection(SolutionConfigurationPlatforms) = preSolution
		Debug|Any CPU = Debug|Any CPU
		Release|Any CPU = Release|Any CPU
	EndGlobalSection
	GlobalSection(ProjectConfigurationPlatforms) = postSolution
		{F5693599-0A6D-4139-964C-47249AB7293A}.Debug|Any CPU.ActiveCfg = Debug|Any CPU
		{F5693599-0A6D-4139-964C-47249AB7293A}.Debug|Any CPU.Build.0 = Debug|Any CPU
		{F5693599-0A6D-4139-964C-47249AB7293A}.Release|Any CPU.ActiveCfg = Release|Any CPU
		{F5693599-0A6D-4139-964C-47249AB7293A}.Release|Any CPU.Build.0 = Release|Any CPU
		{DDC625C1-DA1F-459A-8F40-5019FC61C5B1}.Debug|Any CPU.ActiveCfg = Debug|Any CPU
		{DDC625C1-DA1F-459A-8F40-5019FC61C5B1}.Debug|Any CPU.Build.0 = Debug|Any CPU
		{DDC625C1-DA1F-459A-8F40-5019FC61C5B1}.Release|Any CPU.ActiveCfg = Release|Any CPU
		{DDC625C1-DA1F-459A-8F40-5019FC61C5B1}.Release|Any CPU.Build.0 = Release|Any CPU
		{CBC86241-AB54-47EA-9E8E-165D99DCE05D}.Debug|Any CPU.ActiveCfg = Debug|Any CPU
		{CBC86241-AB54-47EA-9E8E-165D99DCE05D}.Debug|Any CPU.Build.0 = Debug|Any CPU
		{CBC86241-AB54-47EA-9E8E-165D99DCE05D}.Release|Any CPU.ActiveCfg = Release|Any CPU
		{CBC86241-AB54-47EA-9E8E-165D99DCE05D}.Release|Any CPU.Build.0 = Release|Any CPU
		{18E57BE2-F082-466D-B1D0-202A98A0A766}.Debug|Any CPU.ActiveCfg = Debug|Any CPU
		{18E57BE2-F082-466D-B1D0-202A98A0A766}.Debug|Any CPU.Build.0 = Debug|Any CPU
		{18E57BE2-F082-466D-B1D0-202A98A0A766}.Release|Any CPU.ActiveCfg = Release|Any CPU
		{18E57BE2-F082-466D-B1D0-202A98A0A766}.Release|Any CPU.Build.0 = Release|Any CPU
		{FF9173B8-F6B7-4D0F-97DB-184CD8D398C1}.Debug|Any CPU.ActiveCfg = Debug|Any CPU
		{FF9173B8-F6B7-4D0F-97DB-184CD8D398C1}.Debug|Any CPU.Build.0 = Debug|Any CPU
		{FF9173B8-F6B7-4D0F-97DB-184CD8D398C1}.Release|Any CPU.ActiveCfg = Release|Any CPU
		{FF9173B8-F6B7-4D0F-97DB-184CD8D398C1}.Release|Any CPU.Build.0 = Release|Any CPU
	EndGlobalSection
	GlobalSection(SolutionProperties) = preSolution
		HideSolutionNode = FALSE
	EndGlobalSection
	GlobalSection(ExtensibilityGlobals) = postSolution
		SolutionGuid = {2DD8F659-5986-4BC3-8EF3-5C34A80E31A6}
	EndGlobalSection
EndGlobal
