{
  "version": 1,
  "dependencies": {
    ".NETCoreApp,Version=v3.1": {
      "Amazon.Lambda.Core": {
        "type": "Direct",
        "requested": "[1.1.0, )",
        "resolved": "1.1.0",
        "contentHash": "ueGId8b4DEHoVWkHDs3iAJH8IUSAUGu5AqkoI/Syl4RuByzik7lz9IjoImiGAlGhtsQV02MHNeTo04IFjS37gQ=="
      },
      "Amazon.Lambda.Serialization.SystemTextJson": {
        "type": "Direct",
        "requested": "[2.0.1, )",
        "resolved": "2.0.1",
        "contentHash": "WPtMxw5jwEcVbe0Ro/bF0VDnict/zoCW0r6dfRIIOthjO+fVMgDyGYa4Pkz6ptgCCFcnhQuOq6iebYw1LRZeIQ==",
        "dependencies": {
          "Amazon.Lambda.Core": "1.1.0"
        }
      }
    }
  }
}